PODS:
  - Alamofire (4.9.1)
  - Kingfisher (6.2.1)
  - Toast-Swift (5.0.1)

DEPENDENCIES:
  - Alamofire (= 4.9.1)
  - Kingfisher
  - Toast-Swift

SPEC REPOS:
  trunk:
    - Alamofire
    - Kingfisher
    - Toast-Swift

SPEC CHECKSUMS:
  Alamofire: 85e8a02c69d6020a0d734f6054870d7ecb75cf18
  Kingfisher: e71c6fac2aebb1262888cabc2cb13d313362a48f
  Toast-Swift: 9b6a70f28b3bf0b96c40d46c0c4b9d6639846711

PODFILE CHECKSUM: 2d5d92d1c1bbc7cb065ac079286aee247e835326

COCOAPODS: 1.10.1
